<?xml version="1.0" encoding="UTF-8"?>
<Scheme
   version = "1.3">
   <BuildAction>
      <BuildActionEntries>
         <BuildActionEntry
            buildForRunning = "YES">
            <BuildableReference
               BuildableIdentifier = "primary"
               BlueprintIdentifier = "70587AF325727D3300C76DA8"
               BuildableName = "GitHubAPIClient.app"
               BlueprintName = "GitHubAPIClient"
               ReferencedContainer = "container:GitHubAPIClient.xcodeproj">
            </BuildableReference>
         </BuildActionEntry>
      </BuildActionEntries>
   </BuildAction>
   <LaunchAction
      useCustomWorkingDirectory = "NO"
      buildConfiguration = "Debug"
      allowLocationSimulation = "YES">
      <BuildableProductRunnable>
         <BuildableReference
            BuildableIdentifier = "primary"
            BlueprintIdentifier = "70587AF325727D3300C76DA8"
            BuildableName = "GitHubAPIClient.app"
            BlueprintName = "GitHubAPIClient"
            ReferencedContainer = "container:GitHubAPIClient.xcodeproj">
         </BuildableReference>
      </BuildableProductRunnable>
   </LaunchAction>
</Scheme>
