// !$*UTF8*$!
{
	archiveVersion = 1;
	classes = {
	};
	objectVersion = 50;
	objects = {

/* Begin PBXBuildFile section */
		701B149225750FD900B578BE /* Todo.xcdatamodeld in Sources */ = {isa = PBXBuildFile; fileRef = 70D5D2AA2573D7E6001B1FBE /* Todo.xcdatamodeld */; };
		701B149525750FDB00B578BE /* TodoListStore.swift in Sources */ = {isa = PBXBuildFile; fileRef = 70D5D2AE2573D932001B1FBE /* TodoListStore.swift */; };
		701B14A02575199C00B578BE /* TodoReminderWidgetType.swift in Sources */ = {isa = PBXBuildFile; fileRef = 701B14982575185200B578BE /* TodoReminderWidgetType.swift */; };
		701B14A925751B6D00B578BE /* Provider.swift in Sources */ = {isa = PBXBuildFile; fileRef = 701B14A325751B6600B578BE /* Provider.swift */; };
		701B14AD25751BAC00B578BE /* RecentTodoEntry.swift in Sources */ = {isa = PBXBuildFile; fileRef = 701B14AC25751BAC00B578BE /* RecentTodoEntry.swift */; };
		70D5D29A2573D5F8001B1FBE /* TodoReminderApp.swift in Sources */ = {isa = PBXBuildFile; fileRef = 70D5D2992573D5F8001B1FBE /* TodoReminderApp.swift */; };
		70D5D29C2573D5F8001B1FBE /* ContentView.swift in Sources */ = {isa = PBXBuildFile; fileRef = 70D5D29B2573D5F8001B1FBE /* ContentView.swift */; };
		70D5D29E2573D5F9001B1FBE /* Assets.xcassets in Resources */ = {isa = PBXBuildFile; fileRef = 70D5D29D2573D5F9001B1FBE /* Assets.xcassets */; };
		70D5D2A12573D5F9001B1FBE /* Preview Assets.xcassets in Resources */ = {isa = PBXBuildFile; fileRef = 70D5D2A02573D5F9001B1FBE /* Preview Assets.xcassets */; };
		70D5D2AC2573D7E6001B1FBE /* Todo.xcdatamodeld in Sources */ = {isa = PBXBuildFile; fileRef = 70D5D2AA2573D7E6001B1FBE /* Todo.xcdatamodeld */; };
		70D5D2AF2573D932001B1FBE /* TodoListStore.swift in Sources */ = {isa = PBXBuildFile; fileRef = 70D5D2AE2573D932001B1FBE /* TodoListStore.swift */; };
		70D5D2B82573DF0C001B1FBE /* WidgetKit.framework in Frameworks */ = {isa = PBXBuildFile; fileRef = 70D5D2B72573DF0C001B1FBE /* WidgetKit.framework */; };
		70D5D2BA2573DF0C001B1FBE /* SwiftUI.framework in Frameworks */ = {isa = PBXBuildFile; fileRef = 70D5D2B92573DF0C001B1FBE /* SwiftUI.framework */; };
		70D5D2BD2573DF0C001B1FBE /* TodoReminderWidget.swift in Sources */ = {isa = PBXBuildFile; fileRef = 70D5D2BC2573DF0C001B1FBE /* TodoReminderWidget.swift */; };
		70D5D2BF2573DF0D001B1FBE /* Assets.xcassets in Resources */ = {isa = PBXBuildFile; fileRef = 70D5D2BE2573DF0C001B1FBE /* Assets.xcassets */; };
		70D5D2C32573DF0D001B1FBE /* TodoReminderWidgetExtension.appex in Embed App Extensions */ = {isa = PBXBuildFile; fileRef = 70D5D2B52573DF0C001B1FBE /* TodoReminderWidgetExtension.appex */; settings = {ATTRIBUTES = (RemoveHeadersOnCopy, ); }; };
/* End PBXBuildFile section */

/* Begin PBXContainerItemProxy section */
		70D5D2C12573DF0D001B1FBE /* PBXContainerItemProxy */ = {
			isa = PBXContainerItemProxy;
			containerPortal = 70D5D28E2573D5F8001B1FBE /* Project object */;
			proxyType = 1;
			remoteGlobalIDString = 70D5D2B42573DF0C001B1FBE;
			remoteInfo = TodoReminderWidgetExtension;
		};
/* End PBXContainerItemProxy section */

/* Begin PBXCopyFilesBuildPhase section */
		70D5D2C72573DF0D001B1FBE /* Embed App Extensions */ = {
			isa = PBXCopyFilesBuildPhase;
			buildActionMask = 2147483647;
			dstPath = "";
			dstSubfolderSpec = 13;
			files = (
				70D5D2C32573DF0D001B1FBE /* TodoReminderWidgetExtension.appex in Embed App Extensions */,
			);
			name = "Embed App Extensions";
			runOnlyForDeploymentPostprocessing = 0;
		};
/* End PBXCopyFilesBuildPhase section */

/* Begin PBXFileReference section */
		701B148C25750E6F00B578BE /* TodoReminder.entitlements */ = {isa = PBXFileReference; lastKnownFileType = text.plist.entitlements; path = TodoReminder.entitlements; sourceTree = "<group>"; };
		701B148F25750EC600B578BE /* TodoReminderWidgetExtension.entitlements */ = {isa = PBXFileReference; lastKnownFileType = text.plist.entitlements; path = TodoReminderWidgetExtension.entitlements; sourceTree = "<group>"; };
		701B14982575185200B578BE /* TodoReminderWidgetType.swift */ = {isa = PBXFileReference; lastKnownFileType = sourcecode.swift; path = TodoReminderWidgetType.swift; sourceTree = "<group>"; };
		701B14A325751B6600B578BE /* Provider.swift */ = {isa = PBXFileReference; lastKnownFileType = sourcecode.swift; path = Provider.swift; sourceTree = "<group>"; };
		701B14AC25751BAC00B578BE /* RecentTodoEntry.swift */ = {isa = PBXFileReference; lastKnownFileType = sourcecode.swift; path = RecentTodoEntry.swift; sourceTree = "<group>"; };
		70D5D2962573D5F8001B1FBE /* TodoReminder.app */ = {isa = PBXFileReference; explicitFileType = wrapper.application; includeInIndex = 0; path = TodoReminder.app; sourceTree = BUILT_PRODUCTS_DIR; };
		70D5D2992573D5F8001B1FBE /* TodoReminderApp.swift */ = {isa = PBXFileReference; lastKnownFileType = sourcecode.swift; path = TodoReminderApp.swift; sourceTree = "<group>"; };
		70D5D29B2573D5F8001B1FBE /* ContentView.swift */ = {isa = PBXFileReference; lastKnownFileType = sourcecode.swift; path = ContentView.swift; sourceTree = "<group>"; };
		70D5D29D2573D5F9001B1FBE /* Assets.xcassets */ = {isa = PBXFileReference; lastKnownFileType = folder.assetcatalog; path = Assets.xcassets; sourceTree = "<group>"; };
		70D5D2A02573D5F9001B1FBE /* Preview Assets.xcassets */ = {isa = PBXFileReference; lastKnownFileType = folder.assetcatalog; path = "Preview Assets.xcassets"; sourceTree = "<group>"; };
		70D5D2A22573D5F9001B1FBE /* Info.plist */ = {isa = PBXFileReference; lastKnownFileType = text.plist.xml; path = Info.plist; sourceTree = "<group>"; };
		70D5D2AB2573D7E6001B1FBE /* Todo.xcdatamodel */ = {isa = PBXFileReference; lastKnownFileType = wrapper.xcdatamodel; path = Todo.xcdatamodel; sourceTree = "<group>"; };
		70D5D2AE2573D932001B1FBE /* TodoListStore.swift */ = {isa = PBXFileReference; lastKnownFileType = sourcecode.swift; path = TodoListStore.swift; sourceTree = "<group>"; };
		70D5D2B52573DF0C001B1FBE /* TodoReminderWidgetExtension.appex */ = {isa = PBXFileReference; explicitFileType = "wrapper.app-extension"; includeInIndex = 0; path = TodoReminderWidgetExtension.appex; sourceTree = BUILT_PRODUCTS_DIR; };
		70D5D2B72573DF0C001B1FBE /* WidgetKit.framework */ = {isa = PBXFileReference; lastKnownFileType = wrapper.framework; name = WidgetKit.framework; path = System/Library/Frameworks/WidgetKit.framework; sourceTree = SDKROOT; };
		70D5D2B92573DF0C001B1FBE /* SwiftUI.framework */ = {isa = PBXFileReference; lastKnownFileType = wrapper.framework; name = SwiftUI.framework; path = System/Library/Frameworks/SwiftUI.framework; sourceTree = SDKROOT; };
		70D5D2BC2573DF0C001B1FBE /* TodoReminderWidget.swift */ = {isa = PBXFileReference; lastKnownFileType = sourcecode.swift; path = TodoReminderWidget.swift; sourceTree = "<group>"; };
		70D5D2BE2573DF0C001B1FBE /* Assets.xcassets */ = {isa = PBXFileReference; lastKnownFileType = folder.assetcatalog; path = Assets.xcassets; sourceTree = "<group>"; };
		70D5D2C02573DF0D001B1FBE /* Info.plist */ = {isa = PBXFileReference; lastKnownFileType = text.plist.xml; path = Info.plist; sourceTree = "<group>"; };
/* End PBXFileReference section */

/* Begin PBXFrameworksBuildPhase section */
		70D5D2932573D5F8001B1FBE /* Frameworks */ = {
			isa = PBXFrameworksBuildPhase;
			buildActionMask = 2147483647;
			files = (
			);
			runOnlyForDeploymentPostprocessing = 0;
		};
		70D5D2B22573DF0C001B1FBE /* Frameworks */ = {
			isa = PBXFrameworksBuildPhase;
			buildActionMask = 2147483647;
			files = (
				70D5D2BA2573DF0C001B1FBE /* SwiftUI.framework in Frameworks */,
				70D5D2B82573DF0C001B1FBE /* WidgetKit.framework in Frameworks */,
			);
			runOnlyForDeploymentPostprocessing = 0;
		};
/* End PBXFrameworksBuildPhase section */

/* Begin PBXGroup section */
		70D5D28D2573D5F8001B1FBE = {
			isa = PBXGroup;
			children = (
				701B148F25750EC600B578BE /* TodoReminderWidgetExtension.entitlements */,
				70D5D2982573D5F8001B1FBE /* TodoReminder */,
				70D5D2BB2573DF0C001B1FBE /* TodoReminderWidget */,
				70D5D2B62573DF0C001B1FBE /* Frameworks */,
				70D5D2972573D5F8001B1FBE /* Products */,
			);
			sourceTree = "<group>";
		};
		70D5D2972573D5F8001B1FBE /* Products */ = {
			isa = PBXGroup;
			children = (
				70D5D2962573D5F8001B1FBE /* TodoReminder.app */,
				70D5D2B52573DF0C001B1FBE /* TodoReminderWidgetExtension.appex */,
			);
			name = Products;
			sourceTree = "<group>";
		};
		70D5D2982573D5F8001B1FBE /* TodoReminder */ = {
			isa = PBXGroup;
			children = (
				701B148C25750E6F00B578BE /* TodoReminder.entitlements */,
				70D5D2A22573D5F9001B1FBE /* Info.plist */,
				70D5D29B2573D5F8001B1FBE /* ContentView.swift */,
				70D5D2992573D5F8001B1FBE /* TodoReminderApp.swift */,
				70D5D29D2573D5F9001B1FBE /* Assets.xcassets */,
				70D5D2A92573D7C8001B1FBE /* Models */,
				70D5D29F2573D5F9001B1FBE /* Preview Content */,
			);
			path = TodoReminder;
			sourceTree = "<group>";
		};
		70D5D29F2573D5F9001B1FBE /* Preview Content */ = {
			isa = PBXGroup;
			children = (
				70D5D2A02573D5F9001B1FBE /* Preview Assets.xcassets */,
			);
			path = "Preview Content";
			sourceTree = "<group>";
		};
		70D5D2A92573D7C8001B1FBE /* Models */ = {
			isa = PBXGroup;
			children = (
				70D5D2AA2573D7E6001B1FBE /* Todo.xcdatamodeld */,
				70D5D2AE2573D932001B1FBE /* TodoListStore.swift */,
			);
			path = Models;
			sourceTree = "<group>";
		};
		70D5D2B62573DF0C001B1FBE /* Frameworks */ = {
			isa = PBXGroup;
			children = (
				70D5D2B72573DF0C001B1FBE /* WidgetKit.framework */,
				70D5D2B92573DF0C001B1FBE /* SwiftUI.framework */,
			);
			name = Frameworks;
			sourceTree = "<group>";
		};
		70D5D2BB2573DF0C001B1FBE /* TodoReminderWidget */ = {
			isa = PBXGroup;
			children = (
				70D5D2C02573DF0D001B1FBE /* Info.plist */,
				701B14A325751B6600B578BE /* Provider.swift */,
				701B14AC25751BAC00B578BE /* RecentTodoEntry.swift */,
				70D5D2BC2573DF0C001B1FBE /* TodoReminderWidget.swift */,
				701B14982575185200B578BE /* TodoReminderWidgetType.swift */,
				70D5D2BE2573DF0C001B1FBE /* Assets.xcassets */,
			);
			path = TodoReminderWidget;
			sourceTree = "<group>";
		};
/* End PBXGroup section */

/* Begin PBXNativeTarget section */
		70D5D2952573D5F8001B1FBE /* TodoReminder */ = {
			isa = PBXNativeTarget;
			buildConfigurationList = 70D5D2A52573D5F9001B1FBE /* Build configuration list for PBXNativeTarget "TodoReminder" */;
			buildPhases = (
				70D5D2922573D5F8001B1FBE /* Sources */,
				70D5D2932573D5F8001B1FBE /* Frameworks */,
				70D5D2942573D5F8001B1FBE /* Resources */,
				70D5D2C72573DF0D001B1FBE /* Embed App Extensions */,
			);
			buildRules = (
			);
			dependencies = (
				70D5D2C22573DF0D001B1FBE /* PBXTargetDependency */,
			);
			name = TodoReminder;
			productName = TodoReminder;
			productReference = 70D5D2962573D5F8001B1FBE /* TodoReminder.app */;
			productType = "com.apple.product-type.application";
		};
		70D5D2B42573DF0C001B1FBE /* TodoReminderWidgetExtension */ = {
			isa = PBXNativeTarget;
			buildConfigurationList = 70D5D2C42573DF0D001B1FBE /* Build configuration list for PBXNativeTarget "TodoReminderWidgetExtension" */;
			buildPhases = (
				70D5D2B12573DF0C001B1FBE /* Sources */,
				70D5D2B22573DF0C001B1FBE /* Frameworks */,
				70D5D2B32573DF0C001B1FBE /* Resources */,
			);
			buildRules = (
			);
			dependencies = (
			);
			name = TodoReminderWidgetExtension;
			productName = TodoReminderWidgetExtension;
			productReference = 70D5D2B52573DF0C001B1FBE /* TodoReminderWidgetExtension.appex */;
			productType = "com.apple.product-type.app-extension";
		};
/* End PBXNativeTarget section */

/* Begin PBXProject section */
		70D5D28E2573D5F8001B1FBE /* Project object */ = {
			isa = PBXProject;
			attributes = {
				LastSwiftUpdateCheck = 1220;
				LastUpgradeCheck = 1220;
				TargetAttributes = {
					70D5D2952573D5F8001B1FBE = {
						CreatedOnToolsVersion = 12.2;
					};
					70D5D2B42573DF0C001B1FBE = {
						CreatedOnToolsVersion = 12.2;
					};
				};
			};
			buildConfigurationList = 70D5D2912573D5F8001B1FBE /* Build configuration list for PBXProject "TodoReminder" */;
			compatibilityVersion = "Xcode 9.3";
			developmentRegion = en;
			hasScannedForEncodings = 0;
			knownRegions = (
				en,
				Base,
			);
			mainGroup = 70D5D28D2573D5F8001B1FBE;
			productRefGroup = 70D5D2972573D5F8001B1FBE /* Products */;
			projectDirPath = "";
			projectRoot = "";
			targets = (
				70D5D2952573D5F8001B1FBE /* TodoReminder */,
				70D5D2B42573DF0C001B1FBE /* TodoReminderWidgetExtension */,
			);
		};
/* End PBXProject section */

/* Begin PBXResourcesBuildPhase section */
		70D5D2942573D5F8001B1FBE /* Resources */ = {
			isa = PBXResourcesBuildPhase;
			buildActionMask = 2147483647;
			files = (
				70D5D2A12573D5F9001B1FBE /* Preview Assets.xcassets in Resources */,
				70D5D29E2573D5F9001B1FBE /* Assets.xcassets in Resources */,
			);
			runOnlyForDeploymentPostprocessing = 0;
		};
		70D5D2B32573DF0C001B1FBE /* Resources */ = {
			isa = PBXResourcesBuildPhase;
			buildActionMask = 2147483647;
			files = (
				70D5D2BF2573DF0D001B1FBE /* Assets.xcassets in Resources */,
			);
			runOnlyForDeploymentPostprocessing = 0;
		};
/* End PBXResourcesBuildPhase section */

/* Begin PBXSourcesBuildPhase section */
		70D5D2922573D5F8001B1FBE /* Sources */ = {
			isa = PBXSourcesBuildPhase;
			buildActionMask = 2147483647;
			files = (
				70D5D29C2573D5F8001B1FBE /* ContentView.swift in Sources */,
				70D5D2AF2573D932001B1FBE /* TodoListStore.swift in Sources */,
				70D5D2AC2573D7E6001B1FBE /* Todo.xcdatamodeld in Sources */,
				70D5D29A2573D5F8001B1FBE /* TodoReminderApp.swift in Sources */,
			);
			runOnlyForDeploymentPostprocessing = 0;
		};
		70D5D2B12573DF0C001B1FBE /* Sources */ = {
			isa = PBXSourcesBuildPhase;
			buildActionMask = 2147483647;
			files = (
				701B149525750FDB00B578BE /* TodoListStore.swift in Sources */,
				701B14A02575199C00B578BE /* TodoReminderWidgetType.swift in Sources */,
				70D5D2BD2573DF0C001B1FBE /* TodoReminderWidget.swift in Sources */,
				701B14A925751B6D00B578BE /* Provider.swift in Sources */,
				701B149225750FD900B578BE /* Todo.xcdatamodeld in Sources */,
				701B14AD25751BAC00B578BE /* RecentTodoEntry.swift in Sources */,
			);
			runOnlyForDeploymentPostprocessing = 0;
		};
/* End PBXSourcesBuildPhase section */

/* Begin PBXTargetDependency section */
		70D5D2C22573DF0D001B1FBE /* PBXTargetDependency */ = {
			isa = PBXTargetDependency;
			target = 70D5D2B42573DF0C001B1FBE /* TodoReminderWidgetExtension */;
			targetProxy = 70D5D2C12573DF0D001B1FBE /* PBXContainerItemProxy */;
		};
/* End PBXTargetDependency section */

/* Begin XCBuildConfiguration section */
		70D5D2A32573D5F9001B1FBE /* Debug */ = {
			isa = XCBuildConfiguration;
			buildSettings = {
				ALWAYS_SEARCH_USER_PATHS = NO;
				CLANG_ANALYZER_NONNULL = YES;
				CLANG_ANALYZER_NUMBER_OBJECT_CONVERSION = YES_AGGRESSIVE;
				CLANG_CXX_LANGUAGE_STANDARD = "gnu++14";
				CLANG_CXX_LIBRARY = "libc++";
				CLANG_ENABLE_MODULES = YES;
				CLANG_ENABLE_OBJC_ARC = YES;
				CLANG_ENABLE_OBJC_WEAK = YES;
				CLANG_WARN_BLOCK_CAPTURE_AUTORELEASING = YES;
				CLANG_WARN_BOOL_CONVERSION = YES;
				CLANG_WARN_COMMA = YES;
				CLANG_WARN_CONSTANT_CONVERSION = YES;
				CLANG_WARN_DEPRECATED_OBJC_IMPLEMENTATIONS = YES;
				CLANG_WARN_DIRECT_OBJC_ISA_USAGE = YES_ERROR;
				CLANG_WARN_DOCUMENTATION_COMMENTS = YES;
				CLANG_WARN_EMPTY_BODY = YES;
				CLANG_WARN_ENUM_CONVERSION = YES;
				CLANG_WARN_INFINITE_RECURSION = YES;
				CLANG_WARN_INT_CONVERSION = YES;
				CLANG_WARN_NON_LITERAL_NULL_CONVERSION = YES;
				CLANG_WARN_OBJC_IMPLICIT_RETAIN_SELF = YES;
				CLANG_WARN_OBJC_LITERAL_CONVERSION = YES;
				CLANG_WARN_OBJC_ROOT_CLASS = YES_ERROR;
				CLANG_WARN_QUOTED_INCLUDE_IN_FRAMEWORK_HEADER = YES;
				CLANG_WARN_RANGE_LOOP_ANALYSIS = YES;
				CLANG_WARN_STRICT_PROTOTYPES = YES;
				CLANG_WARN_SUSPICIOUS_MOVE = YES;
				CLANG_WARN_UNGUARDED_AVAILABILITY = YES_AGGRESSIVE;
				CLANG_WARN_UNREACHABLE_CODE = YES;
				CLANG_WARN__DUPLICATE_METHOD_MATCH = YES;
				COPY_PHASE_STRIP = NO;
				DEBUG_INFORMATION_FORMAT = dwarf;
				ENABLE_STRICT_OBJC_MSGSEND = YES;
				ENABLE_TESTABILITY = YES;
				GCC_C_LANGUAGE_STANDARD = gnu11;
				GCC_DYNAMIC_NO_PIC = NO;
				GCC_NO_COMMON_BLOCKS = YES;
				GCC_OPTIMIZATION_LEVEL = 0;
				GCC_PREPROCESSOR_DEFINITIONS = (
					"DEBUG=1",
					"$(inherited)",
				);
				GCC_WARN_64_TO_32_BIT_CONVERSION = YES;
				GCC_WARN_ABOUT_RETURN_TYPE = YES_ERROR;
				GCC_WARN_UNDECLARED_SELECTOR = YES;
				GCC_WARN_UNINITIALIZED_AUTOS = YES_AGGRESSIVE;
				GCC_WARN_UNUSED_FUNCTION = YES;
				GCC_WARN_UNUSED_VARIABLE = YES;
				IPHONEOS_DEPLOYMENT_TARGET = 14.2;
				MTL_ENABLE_DEBUG_INFO = INCLUDE_SOURCE;
				MTL_FAST_MATH = YES;
				ONLY_ACTIVE_ARCH = YES;
				SDKROOT = iphoneos;
				SWIFT_ACTIVE_COMPILATION_CONDITIONS = DEBUG;
				SWIFT_OPTIMIZATION_LEVEL = "-Onone";
			};
			name = Debug;
		};
		70D5D2A42573D5F9001B1FBE /* Release */ = {
			isa = XCBuildConfiguration;
			buildSettings = {
				ALWAYS_SEARCH_USER_PATHS = NO;
				CLANG_ANALYZER_NONNULL = YES;
				CLANG_ANALYZER_NUMBER_OBJECT_CONVERSION = YES_AGGRESSIVE;
				CLANG_CXX_LANGUAGE_STANDARD = "gnu++14";
				CLANG_CXX_LIBRARY = "libc++";
				CLANG_ENABLE_MODULES = YES;
				CLANG_ENABLE_OBJC_ARC = YES;
				CLANG_ENABLE_OBJC_WEAK = YES;
				CLANG_WARN_BLOCK_CAPTURE_AUTORELEASING = YES;
				CLANG_WARN_BOOL_CONVERSION = YES;
				CLANG_WARN_COMMA = YES;
				CLANG_WARN_CONSTANT_CONVERSION = YES;
				CLANG_WARN_DEPRECATED_OBJC_IMPLEMENTATIONS = YES;
				CLANG_WARN_DIRECT_OBJC_ISA_USAGE = YES_ERROR;
				CLANG_WARN_DOCUMENTATION_COMMENTS = YES;
				CLANG_WARN_EMPTY_BODY = YES;
				CLANG_WARN_ENUM_CONVERSION = YES;
				CLANG_WARN_INFINITE_RECURSION = YES;
				CLANG_WARN_INT_CONVERSION = YES;
				CLANG_WARN_NON_LITERAL_NULL_CONVERSION = YES;
				CLANG_WARN_OBJC_IMPLICIT_RETAIN_SELF = YES;
				CLANG_WARN_OBJC_LITERAL_CONVERSION = YES;
				CLANG_WARN_OBJC_ROOT_CLASS = YES_ERROR;
				CLANG_WARN_QUOTED_INCLUDE_IN_FRAMEWORK_HEADER = YES;
				CLANG_WARN_RANGE_LOOP_ANALYSIS = YES;
				CLANG_WARN_STRICT_PROTOTYPES = YES;
				CLANG_WARN_SUSPICIOUS_MOVE = YES;
				CLANG_WARN_UNGUARDED_AVAILABILITY = YES_AGGRESSIVE;
				CLANG_WARN_UNREACHABLE_CODE = YES;
				CLANG_WARN__DUPLICATE_METHOD_MATCH = YES;
				COPY_PHASE_STRIP = NO;
				DEBUG_INFORMATION_FORMAT = "dwarf-with-dsym";
				ENABLE_NS_ASSERTIONS = NO;
				ENABLE_STRICT_OBJC_MSGSEND = YES;
				GCC_C_LANGUAGE_STANDARD = gnu11;
				GCC_NO_COMMON_BLOCKS = YES;
				GCC_WARN_64_TO_32_BIT_CONVERSION = YES;
				GCC_WARN_ABOUT_RETURN_TYPE = YES_ERROR;
				GCC_WARN_UNDECLARED_SELECTOR = YES;
				GCC_WARN_UNINITIALIZED_AUTOS = YES_AGGRESSIVE;
				GCC_WARN_UNUSED_FUNCTION = YES;
				GCC_WARN_UNUSED_VARIABLE = YES;
				IPHONEOS_DEPLOYMENT_TARGET = 14.2;
				MTL_ENABLE_DEBUG_INFO = NO;
				MTL_FAST_MATH = YES;
				SDKROOT = iphoneos;
				SWIFT_COMPILATION_MODE = wholemodule;
				SWIFT_OPTIMIZATION_LEVEL = "-O";
				VALIDATE_PRODUCT = YES;
			};
			name = Release;
		};
		70D5D2A62573D5F9001B1FBE /* Debug */ = {
			isa = XCBuildConfiguration;
			buildSettings = {
				ALWAYS_EMBED_SWIFT_STANDARD_LIBRARIES = YES;
				ASSETCATALOG_COMPILER_APPICON_NAME = AppIcon;
				ASSETCATALOG_COMPILER_GLOBAL_ACCENT_COLOR_NAME = AccentColor;
				CODE_SIGN_ENTITLEMENTS = TodoReminder/TodoReminder.entitlements;
				CODE_SIGN_STYLE = Automatic;
				DEVELOPMENT_ASSET_PATHS = "\"TodoReminder/Preview Content\"";
				DEVELOPMENT_TEAM = 8C9TZF26K4;
				ENABLE_PREVIEWS = YES;
				INFOPLIST_FILE = TodoReminder/Info.plist;
				IPHONEOS_DEPLOYMENT_TARGET = 14.0;
				LD_RUNPATH_SEARCH_PATHS = (
					"$(inherited)",
					"@executable_path/Frameworks",
				);
				PRODUCT_BUNDLE_IDENTIFIER = io.github.ysk1031.TodoReminder;
				PRODUCT_NAME = "$(TARGET_NAME)";
				SWIFT_VERSION = 5.0;
				TARGETED_DEVICE_FAMILY = "1,2";
			};
			name = Debug;
		};
		70D5D2A72573D5F9001B1FBE /* Release */ = {
			isa = XCBuildConfiguration;
			buildSettings = {
				ALWAYS_EMBED_SWIFT_STANDARD_LIBRARIES = YES;
				ASSETCATALOG_COMPILER_APPICON_NAME = AppIcon;
				ASSETCATALOG_COMPILER_GLOBAL_ACCENT_COLOR_NAME = AccentColor;
				CODE_SIGN_ENTITLEMENTS = TodoReminder/TodoReminder.entitlements;
				CODE_SIGN_STYLE = Automatic;
				DEVELOPMENT_ASSET_PATHS = "\"TodoReminder/Preview Content\"";
				DEVELOPMENT_TEAM = 8C9TZF26K4;
				ENABLE_PREVIEWS = YES;
				INFOPLIST_FILE = TodoReminder/Info.plist;
				IPHONEOS_DEPLOYMENT_TARGET = 14.0;
				LD_RUNPATH_SEARCH_PATHS = (
					"$(inherited)",
					"@executable_path/Frameworks",
				);
				PRODUCT_BUNDLE_IDENTIFIER = io.github.ysk1031.TodoReminder;
				PRODUCT_NAME = "$(TARGET_NAME)";
				SWIFT_VERSION = 5.0;
				TARGETED_DEVICE_FAMILY = "1,2";
			};
			name = Release;
		};
		70D5D2C52573DF0D001B1FBE /* Debug */ = {
			isa = XCBuildConfiguration;
			buildSettings = {
				ASSETCATALOG_COMPILER_GLOBAL_ACCENT_COLOR_NAME = AccentColor;
				ASSETCATALOG_COMPILER_WIDGET_BACKGROUND_COLOR_NAME = WidgetBackground;
				CODE_SIGN_ENTITLEMENTS = TodoReminderWidgetExtension.entitlements;
				CODE_SIGN_STYLE = Automatic;
				DEVELOPMENT_TEAM = 8C9TZF26K4;
				INFOPLIST_FILE = TodoReminderWidget/Info.plist;
				LD_RUNPATH_SEARCH_PATHS = (
					"$(inherited)",
					"@executable_path/Frameworks",
					"@executable_path/../../Frameworks",
				);
				PRODUCT_BUNDLE_IDENTIFIER = io.github.ysk1031.TodoReminder.TodoReminderWidget;
				PRODUCT_NAME = "$(TARGET_NAME)";
				SKIP_INSTALL = YES;
				SWIFT_VERSION = 5.0;
				TARGETED_DEVICE_FAMILY = "1,2";
			};
			name = Debug;
		};
		70D5D2C62573DF0D001B1FBE /* Release */ = {
			isa = XCBuildConfiguration;
			buildSettings = {
				ASSETCATALOG_COMPILER_GLOBAL_ACCENT_COLOR_NAME = AccentColor;
				ASSETCATALOG_COMPILER_WIDGET_BACKGROUND_COLOR_NAME = WidgetBackground;
				CODE_SIGN_ENTITLEMENTS = TodoReminderWidgetExtension.entitlements;
				CODE_SIGN_STYLE = Automatic;
				DEVELOPMENT_TEAM = 8C9TZF26K4;
				INFOPLIST_FILE = TodoReminderWidget/Info.plist;
				LD_RUNPATH_SEARCH_PATHS = (
					"$(inherited)",
					"@executable_path/Frameworks",
					"@executable_path/../../Frameworks",
				);
				PRODUCT_BUNDLE_IDENTIFIER = io.github.ysk1031.TodoReminder.TodoReminderWidget;
				PRODUCT_NAME = "$(TARGET_NAME)";
				SKIP_INSTALL = YES;
				SWIFT_VERSION = 5.0;
				TARGETED_DEVICE_FAMILY = "1,2";
			};
			name = Release;
		};
/* End XCBuildConfiguration section */

/* Begin XCConfigurationList section */
		70D5D2912573D5F8001B1FBE /* Build configuration list for PBXProject "TodoReminder" */ = {
			isa = XCConfigurationList;
			buildConfigurations = (
				70D5D2A32573D5F9001B1FBE /* Debug */,
				70D5D2A42573D5F9001B1FBE /* Release */,
			);
			defaultConfigurationIsVisible = 0;
			defaultConfigurationName = Release;
		};
		70D5D2A52573D5F9001B1FBE /* Build configuration list for PBXNativeTarget "TodoReminder" */ = {
			isa = XCConfigurationList;
			buildConfigurations = (
				70D5D2A62573D5F9001B1FBE /* Debug */,
				70D5D2A72573D5F9001B1FBE /* Release */,
			);
			defaultConfigurationIsVisible = 0;
			defaultConfigurationName = Release;
		};
		70D5D2C42573DF0D001B1FBE /* Build configuration list for PBXNativeTarget "TodoReminderWidgetExtension" */ = {
			isa = XCConfigurationList;
			buildConfigurations = (
				70D5D2C52573DF0D001B1FBE /* Debug */,
				70D5D2C62573DF0D001B1FBE /* Release */,
			);
			defaultConfigurationIsVisible = 0;
			defaultConfigurationName = Release;
		};
/* End XCConfigurationList section */

/* Begin XCVersionGroup section */
		70D5D2AA2573D7E6001B1FBE /* Todo.xcdatamodeld */ = {
			isa = XCVersionGroup;
			children = (
				70D5D2AB2573D7E6001B1FBE /* Todo.xcdatamodel */,
			);
			currentVersion = 70D5D2AB2573D7E6001B1FBE /* Todo.xcdatamodel */;
			path = Todo.xcdatamodeld;
			sourceTree = "<group>";
			versionGroupType = wrapper.xcdatamodel;
		};
/* End XCVersionGroup section */
	};
	rootObject = 70D5D28E2573D5F8001B1FBE /* Project object */;
}
